
Microsoft Visual Studio Solution File, Format Version 12.00
# Visual Studio Version 16
VisualStudioVersion = 25.0.1706.3
MinimumVisualStudioVersion = 10.0.40219.1
Project("{FAE04EC0-301F-11D3-BF4B-00C04F79EFBC}") = "TylersPizzaChain", "TylersPizzaChain\TylersPizzaChain.csproj", "{011DD2AD-3374-4003-9B46-198656494D64}"
EndProject
Project("{FAE04EC0-301F-11D3-BF4B-00C04F79EFBC}") = "MockPaymentGateway", "MockPaymentGateway\MockPaymentGateway.csproj", "{320FC165-46A6-4D7E-95C7-2A4163D04F7E}"
EndProject
Project("{FAE04EC0-301F-11D3-BF4B-00C04F79EFBC}") = "MockPointOfSale", "MockPointOfSale\MockPointOfSale.csproj", "{2B149714-23C2-4598-9A9D-9C23C9FA6D68}"
EndProject
Project("{FAE04EC0-301F-11D3-BF4B-00C04F79EFBC}") = "MockDoorDashApi", "MockDoorDashClient\MockDoorDashApi.csproj", "{135248CA-F16F-422F-B942-AD558FDC5B33}"
EndProject
Project("{FAE04EC0-301F-11D3-BF4B-00C04F79EFBC}") = "MockGrubHubApi", "MockGrubHubClient\MockGrubHubApi.csproj", "{49FD9CE1-1429-468D-846E-3AE65B9C1FDC}"
EndProject
Project("{FAE04EC0-301F-11D3-BF4B-00C04F79EFBC}") = "MockUberEatsApi", "MockUberEatsApi\MockUberEatsApi.csproj", "{6DAAC26B-A655-404D-856E-4949D54CD4DB}"
EndProject
Global
	GlobalSection(SolutionConfigurationPlatforms) = preSolution
		Debug|Any CPU = Debug|Any CPU
		Release|Any CPU = Release|Any CPU
	EndGlobalSection
	GlobalSection(ProjectConfigurationPlatforms) = postSolution
		{011DD2AD-3374-4003-9B46-198656494D64}.Debug|Any CPU.ActiveCfg = Debug|Any CPU
		{011DD2AD-3374-4003-9B46-198656494D64}.Debug|Any CPU.Build.0 = Debug|Any CPU
		{011DD2AD-3374-4003-9B46-198656494D64}.Release|Any CPU.ActiveCfg = Release|Any CPU
		{011DD2AD-3374-4003-9B46-198656494D64}.Release|Any CPU.Build.0 = Release|Any CPU
		{320FC165-46A6-4D7E-95C7-2A4163D04F7E}.Debug|Any CPU.ActiveCfg = Debug|Any CPU
		{320FC165-46A6-4D7E-95C7-2A4163D04F7E}.Debug|Any CPU.Build.0 = Debug|Any CPU
		{320FC165-46A6-4D7E-95C7-2A4163D04F7E}.Release|Any CPU.ActiveCfg = Release|Any CPU
		{320FC165-46A6-4D7E-95C7-2A4163D04F7E}.Release|Any CPU.Build.0 = Release|Any CPU
		{2B149714-23C2-4598-9A9D-9C23C9FA6D68}.Debug|Any CPU.ActiveCfg = Debug|Any CPU
		{2B149714-23C2-4598-9A9D-9C23C9FA6D68}.Debug|Any CPU.Build.0 = Debug|Any CPU
		{2B149714-23C2-4598-9A9D-9C23C9FA6D68}.Release|Any CPU.ActiveCfg = Release|Any CPU
		{2B149714-23C2-4598-9A9D-9C23C9FA6D68}.Release|Any CPU.Build.0 = Release|Any CPU
		{135248CA-F16F-422F-B942-AD558FDC5B33}.Debug|Any CPU.ActiveCfg = Debug|Any CPU
		{135248CA-F16F-422F-B942-AD558FDC5B33}.Debug|Any CPU.Build.0 = Debug|Any CPU
		{135248CA-F16F-422F-B942-AD558FDC5B33}.Release|Any CPU.ActiveCfg = Release|Any CPU
		{135248CA-F16F-422F-B942-AD558FDC5B33}.Release|Any CPU.Build.0 = Release|Any CPU
		{49FD9CE1-1429-468D-846E-3AE65B9C1FDC}.Debug|Any CPU.ActiveCfg = Debug|Any CPU
		{49FD9CE1-1429-468D-846E-3AE65B9C1FDC}.Debug|Any CPU.Build.0 = Debug|Any CPU
		{49FD9CE1-1429-468D-846E-3AE65B9C1FDC}.Release|Any CPU.ActiveCfg = Release|Any CPU
		{49FD9CE1-1429-468D-846E-3AE65B9C1FDC}.Release|Any CPU.Build.0 = Release|Any CPU
		{6DAAC26B-A655-404D-856E-4949D54CD4DB}.Debug|Any CPU.ActiveCfg = Debug|Any CPU
		{6DAAC26B-A655-404D-856E-4949D54CD4DB}.Debug|Any CPU.Build.0 = Debug|Any CPU
		{6DAAC26B-A655-404D-856E-4949D54CD4DB}.Release|Any CPU.ActiveCfg = Release|Any CPU
		{6DAAC26B-A655-404D-856E-4949D54CD4DB}.Release|Any CPU.Build.0 = Release|Any CPU
	EndGlobalSection
	GlobalSection(SolutionProperties) = preSolution
		HideSolutionNode = FALSE
	EndGlobalSection
	GlobalSection(ExtensibilityGlobals) = postSolution
		SolutionGuid = {86A937E0-27E6-4DA5-B183-BEE2E696B049}
	EndGlobalSection
EndGlobal
